// !$*UTF8*$!
{
	archiveVersion = 1;
	classes = {
	};
	objectVersion = 46;
	objects = {

/* Begin PBXBuildFile section */
		5487CF651E5E53A8001571EF /* Expectation.swift in Sources */ = {isa = PBXBuildFile; fileRef = 5487CF481E5E53A8001571EF /* Expectation.swift */; };
		5487CF661E5E53A8001571EF /* Expectation.swift in Sources */ = {isa = PBXBuildFile; fileRef = 5487CF481E5E53A8001571EF /* Expectation.swift */; };
		5487CF671E5E53A8001571EF /* Expression.swift in Sources */ = {isa = PBXBuildFile; fileRef = 5487CF491E5E53A8001571EF /* Expression.swift */; };
		5487CF681E5E53A8001571EF /* Expression.swift in Sources */ = {isa = PBXBuildFile; fileRef = 5487CF491E5E53A8001571EF /* Expression.swift */; };
		5487CF691E5E53A8001571EF /* Helpers.swift in Sources */ = {isa = PBXBuildFile; fileRef = 5487CF4A1E5E53A8001571EF /* Helpers.swift */; };
		5487CF6A1E5E53A8001571EF /* Helpers.swift in Sources */ = {isa = PBXBuildFile; fileRef = 5487CF4A1E5E53A8001571EF /* Helpers.swift */; };
		5487CF6B1E5E53A8001571EF /* Matcher.swift in Sources */ = {isa = PBXBuildFile; fileRef = 5487CF4B1E5E53A8001571EF /* Matcher.swift */; };
		5487CF6C1E5E53A8001571EF /* Matcher.swift in Sources */ = {isa = PBXBuildFile; fileRef = 5487CF4B1E5E53A8001571EF /* Matcher.swift */; };
		5487CF6D1E5E53A8001571EF /* beAKindOf.swift in Sources */ = {isa = PBXBuildFile; fileRef = 5487CF4D1E5E53A8001571EF /* beAKindOf.swift */; };
		5487CF6E1E5E53A8001571EF /* beAKindOf.swift in Sources */ = {isa = PBXBuildFile; fileRef = 5487CF4D1E5E53A8001571EF /* beAKindOf.swift */; };
		5487CF6F1E5E53A8001571EF /* beAnInstanceOf.swift in Sources */ = {isa = PBXBuildFile; fileRef = 5487CF4E1E5E53A8001571EF /* beAnInstanceOf.swift */; };
		5487CF701E5E53A8001571EF /* beAnInstanceOf.swift in Sources */ = {isa = PBXBuildFile; fileRef = 5487CF4E1E5E53A8001571EF /* beAnInstanceOf.swift */; };
		5487CF711E5E53A8001571EF /* beCloseTo.swift in Sources */ = {isa = PBXBuildFile; fileRef = 5487CF4F1E5E53A8001571EF /* beCloseTo.swift */; };
		5487CF721E5E53A8001571EF /* beCloseTo.swift in Sources */ = {isa = PBXBuildFile; fileRef = 5487CF4F1E5E53A8001571EF /* beCloseTo.swift */; };
		5487CF731E5E53A8001571EF /* beEmpty.swift in Sources */ = {isa = PBXBuildFile; fileRef = 5487CF501E5E53A8001571EF /* beEmpty.swift */; };
		5487CF741E5E53A8001571EF /* beEmpty.swift in Sources */ = {isa = PBXBuildFile; fileRef = 5487CF501E5E53A8001571EF /* beEmpty.swift */; };
		5487CF751E5E53A8001571EF /* beginWith.swift in Sources */ = {isa = PBXBuildFile; fileRef = 5487CF511E5E53A8001571EF /* beginWith.swift */; };
		5487CF761E5E53A8001571EF /* beginWith.swift in Sources */ = {isa = PBXBuildFile; fileRef = 5487CF511E5E53A8001571EF /* beginWith.swift */; };
		5487CF771E5E53A8001571EF /* beGreaterThan.swift in Sources */ = {isa = PBXBuildFile; fileRef = 5487CF521E5E53A8001571EF /* beGreaterThan.swift */; };
		5487CF781E5E53A8001571EF /* beGreaterThan.swift in Sources */ = {isa = PBXBuildFile; fileRef = 5487CF521E5E53A8001571EF /* beGreaterThan.swift */; };
		5487CF791E5E53A8001571EF /* beGreaterThanOrEqualTo.swift in Sources */ = {isa = PBXBuildFile; fileRef = 5487CF531E5E53A8001571EF /* beGreaterThanOrEqualTo.swift */; };
		5487CF7A1E5E53A8001571EF /* beGreaterThanOrEqualTo.swift in Sources */ = {isa = PBXBuildFile; fileRef = 5487CF531E5E53A8001571EF /* beGreaterThanOrEqualTo.swift */; };
		5487CF7B1E5E53A8001571EF /* beIdenticalTo.swift in Sources */ = {isa = PBXBuildFile; fileRef = 5487CF541E5E53A8001571EF /* beIdenticalTo.swift */; };
		5487CF7C1E5E53A8001571EF /* beIdenticalTo.swift in Sources */ = {isa = PBXBuildFile; fileRef = 5487CF541E5E53A8001571EF /* beIdenticalTo.swift */; };
		5487CF7D1E5E53A8001571EF /* beLessThan.swift in Sources */ = {isa = PBXBuildFile; fileRef = 5487CF551E5E53A8001571EF /* beLessThan.swift */; };
		5487CF7E1E5E53A8001571EF /* beLessThan.swift in Sources */ = {isa = PBXBuildFile; fileRef = 5487CF551E5E53A8001571EF /* beLessThan.swift */; };
		5487CF7F1E5E53A8001571EF /* beLessThanOrEqual.swift in Sources */ = {isa = PBXBuildFile; fileRef = 5487CF561E5E53A8001571EF /* beLessThanOrEqual.swift */; };
		5487CF801E5E53A8001571EF /* beLessThanOrEqual.swift in Sources */ = {isa = PBXBuildFile; fileRef = 5487CF561E5E53A8001571EF /* beLessThanOrEqual.swift */; };
		5487CF811E5E53A8001571EF /* beLogical.swift in Sources */ = {isa = PBXBuildFile; fileRef = 5487CF571E5E53A8001571EF /* beLogical.swift */; };
		5487CF821E5E53A8001571EF /* beLogical.swift in Sources */ = {isa = PBXBuildFile; fileRef = 5487CF571E5E53A8001571EF /* beLogical.swift */; };
		5487CF831E5E53A8001571EF /* beNil.swift in Sources */ = {isa = PBXBuildFile; fileRef = 5487CF581E5E53A8001571EF /* beNil.swift */; };
		5487CF841E5E53A8001571EF /* beNil.swift in Sources */ = {isa = PBXBuildFile; fileRef = 5487CF581E5E53A8001571EF /* beNil.swift */; };
		5487CF851E5E53A8001571EF /* beVoid.swift in Sources */ = {isa = PBXBuildFile; fileRef = 5487CF591E5E53A8001571EF /* beVoid.swift */; };
		5487CF861E5E53A8001571EF /* beVoid.swift in Sources */ = {isa = PBXBuildFile; fileRef = 5487CF591E5E53A8001571EF /* beVoid.swift */; };
		5487CF871E5E53A8001571EF /* contain.swift in Sources */ = {isa = PBXBuildFile; fileRef = 5487CF5A1E5E53A8001571EF /* contain.swift */; };
		5487CF881E5E53A8001571EF /* contain.swift in Sources */ = {isa = PBXBuildFile; fileRef = 5487CF5A1E5E53A8001571EF /* contain.swift */; };
		5487CF891E5E53A8001571EF /* containElementSatisfying.swift in Sources */ = {isa = PBXBuildFile; fileRef = 5487CF5B1E5E53A8001571EF /* containElementSatisfying.swift */; };
		5487CF8A1E5E53A8001571EF /* containElementSatisfying.swift in Sources */ = {isa = PBXBuildFile; fileRef = 5487CF5B1E5E53A8001571EF /* containElementSatisfying.swift */; };
		5487CF8B1E5E53A8001571EF /* endWith.swift in Sources */ = {isa = PBXBuildFile; fileRef = 5487CF5C1E5E53A8001571EF /* endWith.swift */; };
		5487CF8C1E5E53A8001571EF /* endWith.swift in Sources */ = {isa = PBXBuildFile; fileRef = 5487CF5C1E5E53A8001571EF /* endWith.swift */; };
		5487CF8D1E5E53A8001571EF /* equal.swift in Sources */ = {isa = PBXBuildFile; fileRef = 5487CF5D1E5E53A8001571EF /* equal.swift */; };
		5487CF8E1E5E53A8001571EF /* equal.swift in Sources */ = {isa = PBXBuildFile; fileRef = 5487CF5D1E5E53A8001571EF /* equal.swift */; };
		5487CF8F1E5E53A8001571EF /* haveCount.swift in Sources */ = {isa = PBXBuildFile; fileRef = 5487CF5E1E5E53A8001571EF /* haveCount.swift */; };
		5487CF901E5E53A8001571EF /* haveCount.swift in Sources */ = {isa = PBXBuildFile; fileRef = 5487CF5E1E5E53A8001571EF /* haveCount.swift */; };
		5487CF911E5E53A8001571EF /* match.swift in Sources */ = {isa = PBXBuildFile; fileRef = 5487CF5F1E5E53A8001571EF /* match.swift */; };
		5487CF921E5E53A8001571EF /* match.swift in Sources */ = {isa = PBXBuildFile; fileRef = 5487CF5F1E5E53A8001571EF /* match.swift */; };
		5487CF931E5E53A8001571EF /* satisfyAnyOf.swift in Sources */ = {isa = PBXBuildFile; fileRef = 5487CF601E5E53A8001571EF /* satisfyAnyOf.swift */; };
		5487CF941E5E53A8001571EF /* satisfyAnyOf.swift in Sources */ = {isa = PBXBuildFile; fileRef = 5487CF601E5E53A8001571EF /* satisfyAnyOf.swift */; };
		5487CF951E5E53A8001571EF /* Spry.swift in Sources */ = {isa = PBXBuildFile; fileRef = 5487CF611E5E53A8001571EF /* Spry.swift */; };
		5487CF961E5E53A8001571EF /* Spry.swift in Sources */ = {isa = PBXBuildFile; fileRef = 5487CF611E5E53A8001571EF /* Spry.swift */; };
		5487CF971E5E53A8001571EF /* Spry.h in Headers */ = {isa = PBXBuildFile; fileRef = 5487CF621E5E53A8001571EF /* Spry.h */; settings = {ATTRIBUTES = (Public, ); }; };
		5487CF981E5E53A8001571EF /* Spry.h in Headers */ = {isa = PBXBuildFile; fileRef = 5487CF621E5E53A8001571EF /* Spry.h */; settings = {ATTRIBUTES = (Public, ); }; };
		5487CF9A1E5E5B52001571EF /* Test+beCloseTo.swift in Sources */ = {isa = PBXBuildFile; fileRef = 5487CF991E5E5B52001571EF /* Test+beCloseTo.swift */; };
		5487CF9B1E5E5B52001571EF /* Test+beCloseTo.swift in Sources */ = {isa = PBXBuildFile; fileRef = 5487CF991E5E5B52001571EF /* Test+beCloseTo.swift */; };
		5487CF9E1E5E5C95001571EF /* Date+Extension.swift in Sources */ = {isa = PBXBuildFile; fileRef = 5487CF9D1E5E5C95001571EF /* Date+Extension.swift */; };
		5487CF9F1E5E5C95001571EF /* Date+Extension.swift in Sources */ = {isa = PBXBuildFile; fileRef = 5487CF9D1E5E5C95001571EF /* Date+Extension.swift */; };
		5487CFA11E5E61CE001571EF /* Test+beEmpty.swift in Sources */ = {isa = PBXBuildFile; fileRef = 5487CFA01E5E61CE001571EF /* Test+beEmpty.swift */; };
		5487CFA21E5E61CE001571EF /* Test+beEmpty.swift in Sources */ = {isa = PBXBuildFile; fileRef = 5487CFA01E5E61CE001571EF /* Test+beEmpty.swift */; };
		5487CFA41E5E6267001571EF /* Test+beginWith.swift in Sources */ = {isa = PBXBuildFile; fileRef = 5487CFA31E5E6267001571EF /* Test+beginWith.swift */; };
		5487CFA51E5E6267001571EF /* Test+beginWith.swift in Sources */ = {isa = PBXBuildFile; fileRef = 5487CFA31E5E6267001571EF /* Test+beginWith.swift */; };
		5487CFA71E5E62CA001571EF /* Test+beGreaterThanOrEqualTo.swift in Sources */ = {isa = PBXBuildFile; fileRef = 5487CFA61E5E62CA001571EF /* Test+beGreaterThanOrEqualTo.swift */; };
		5487CFA81E5E62CA001571EF /* Test+beGreaterThanOrEqualTo.swift in Sources */ = {isa = PBXBuildFile; fileRef = 5487CFA61E5E62CA001571EF /* Test+beGreaterThanOrEqualTo.swift */; };
		5487CFAA1E5E62D9001571EF /* Test+beGreaterThan.swift in Sources */ = {isa = PBXBuildFile; fileRef = 5487CFA91E5E62D9001571EF /* Test+beGreaterThan.swift */; };
		5487CFAB1E5E62D9001571EF /* Test+beGreaterThan.swift in Sources */ = {isa = PBXBuildFile; fileRef = 5487CFA91E5E62D9001571EF /* Test+beGreaterThan.swift */; };
		5487CFAD1E5E62E9001571EF /* Test+beIdenticalTo.swift in Sources */ = {isa = PBXBuildFile; fileRef = 5487CFAC1E5E62E9001571EF /* Test+beIdenticalTo.swift */; };
		5487CFAE1E5E62E9001571EF /* Test+beIdenticalTo.swift in Sources */ = {isa = PBXBuildFile; fileRef = 5487CFAC1E5E62E9001571EF /* Test+beIdenticalTo.swift */; };
		5487CFB01E5E62FC001571EF /* Test+beLessThanOrEqualTo.swift in Sources */ = {isa = PBXBuildFile; fileRef = 5487CFAF1E5E62FC001571EF /* Test+beLessThanOrEqualTo.swift */; };
		5487CFB11E5E62FC001571EF /* Test+beLessThanOrEqualTo.swift in Sources */ = {isa = PBXBuildFile; fileRef = 5487CFAF1E5E62FC001571EF /* Test+beLessThanOrEqualTo.swift */; };
		5487CFB31E5E6307001571EF /* Test+beLessThan.swift in Sources */ = {isa = PBXBuildFile; fileRef = 5487CFB21E5E6307001571EF /* Test+beLessThan.swift */; };
		5487CFB41E5E6307001571EF /* Test+beLessThan.swift in Sources */ = {isa = PBXBuildFile; fileRef = 5487CFB21E5E6307001571EF /* Test+beLessThan.swift */; };
		5487CFB61E5E6316001571EF /* Test+beLogical.swift in Sources */ = {isa = PBXBuildFile; fileRef = 5487CFB51E5E6316001571EF /* Test+beLogical.swift */; };
		5487CFB71E5E6316001571EF /* Test+beLogical.swift in Sources */ = {isa = PBXBuildFile; fileRef = 5487CFB51E5E6316001571EF /* Test+beLogical.swift */; };
		5487CFB91E5E6335001571EF /* Test+beVoid.swift in Sources */ = {isa = PBXBuildFile; fileRef = 5487CFB81E5E6335001571EF /* Test+beVoid.swift */; };
		5487CFBA1E5E6335001571EF /* Test+beVoid.swift in Sources */ = {isa = PBXBuildFile; fileRef = 5487CFB81E5E6335001571EF /* Test+beVoid.swift */; };
		5487CFBC1E5E6343001571EF /* Test+containElementSatisfying.swift in Sources */ = {isa = PBXBuildFile; fileRef = 5487CFBB1E5E6343001571EF /* Test+containElementSatisfying.swift */; };
		5487CFBD1E5E6343001571EF /* Test+containElementSatisfying.swift in Sources */ = {isa = PBXBuildFile; fileRef = 5487CFBB1E5E6343001571EF /* Test+containElementSatisfying.swift */; };
		5487CFBF1E5E6349001571EF /* Test+contain.swift in Sources */ = {isa = PBXBuildFile; fileRef = 5487CFBE1E5E6349001571EF /* Test+contain.swift */; };
		5487CFC01E5E6349001571EF /* Test+contain.swift in Sources */ = {isa = PBXBuildFile; fileRef = 5487CFBE1E5E6349001571EF /* Test+contain.swift */; };
		5487CFC21E5E6352001571EF /* Test+endWIth.swift in Sources */ = {isa = PBXBuildFile; fileRef = 5487CFC11E5E6352001571EF /* Test+endWIth.swift */; };
		5487CFC31E5E6352001571EF /* Test+endWIth.swift in Sources */ = {isa = PBXBuildFile; fileRef = 5487CFC11E5E6352001571EF /* Test+endWIth.swift */; };
		5487CFC51E5E635D001571EF /* Test+haveCount.swift in Sources */ = {isa = PBXBuildFile; fileRef = 5487CFC41E5E635D001571EF /* Test+haveCount.swift */; };
		5487CFC61E5E635D001571EF /* Test+haveCount.swift in Sources */ = {isa = PBXBuildFile; fileRef = 5487CFC41E5E635D001571EF /* Test+haveCount.swift */; };
		5487CFC81E5E636C001571EF /* Test+match.swift in Sources */ = {isa = PBXBuildFile; fileRef = 5487CFC71E5E636C001571EF /* Test+match.swift */; };
		5487CFC91E5E636C001571EF /* Test+match.swift in Sources */ = {isa = PBXBuildFile; fileRef = 5487CFC71E5E636C001571EF /* Test+match.swift */; };
		5487CFCB1E5E637A001571EF /* Test+satisfyAnyOf.swift in Sources */ = {isa = PBXBuildFile; fileRef = 5487CFCA1E5E637A001571EF /* Test+satisfyAnyOf.swift */; };
		5487CFCC1E5E637A001571EF /* Test+satisfyAnyOf.swift in Sources */ = {isa = PBXBuildFile; fileRef = 5487CFCA1E5E637A001571EF /* Test+satisfyAnyOf.swift */; };
		5487CFCE1E5E673C001571EF /* Comparable+Extension.swift in Sources */ = {isa = PBXBuildFile; fileRef = 5487CFCD1E5E673C001571EF /* Comparable+Extension.swift */; };
		5487CFCF1E5E673C001571EF /* Comparable+Extension.swift in Sources */ = {isa = PBXBuildFile; fileRef = 5487CFCD1E5E673C001571EF /* Comparable+Extension.swift */; };
		5487CFD11E5E6756001571EF /* ConvertibleToDouble.swift in Sources */ = {isa = PBXBuildFile; fileRef = 5487CFD01E5E6756001571EF /* ConvertibleToDouble.swift */; };
		5487CFD21E5E6756001571EF /* ConvertibleToDouble.swift in Sources */ = {isa = PBXBuildFile; fileRef = 5487CFD01E5E6756001571EF /* ConvertibleToDouble.swift */; };
		5487CFD71E5E6897001571EF /* Test+beIdenticalToObject.swift in Sources */ = {isa = PBXBuildFile; fileRef = 5487CFD61E5E6897001571EF /* Test+beIdenticalToObject.swift */; };
		5487CFD81E5E6897001571EF /* Test+beIdenticalToObject.swift in Sources */ = {isa = PBXBuildFile; fileRef = 5487CFD61E5E6897001571EF /* Test+beIdenticalToObject.swift */; };
		5487CFDA1E5E6973001571EF /* Test+beTrue.swift in Sources */ = {isa = PBXBuildFile; fileRef = 5487CFD91E5E6973001571EF /* Test+beTrue.swift */; };
		5487CFDB1E5E6973001571EF /* Test+beTrue.swift in Sources */ = {isa = PBXBuildFile; fileRef = 5487CFD91E5E6973001571EF /* Test+beTrue.swift */; };
		5487CFDD1E5E697C001571EF /* Test+beTruthy.swift in Sources */ = {isa = PBXBuildFile; fileRef = 5487CFDC1E5E697C001571EF /* Test+beTruthy.swift */; };
		5487CFDE1E5E697C001571EF /* Test+beTruthy.swift in Sources */ = {isa = PBXBuildFile; fileRef = 5487CFDC1E5E697C001571EF /* Test+beTruthy.swift */; };
		5487CFE01E5E6984001571EF /* Test+beFalse.swift in Sources */ = {isa = PBXBuildFile; fileRef = 5487CFDF1E5E6984001571EF /* Test+beFalse.swift */; };
		5487CFE11E5E6984001571EF /* Test+beFalse.swift in Sources */ = {isa = PBXBuildFile; fileRef = 5487CFDF1E5E6984001571EF /* Test+beFalse.swift */; };
		5487CFE31E5E698B001571EF /* Test+beFalsy.swift in Sources */ = {isa = PBXBuildFile; fileRef = 5487CFE21E5E698B001571EF /* Test+beFalsy.swift */; };
		5487CFE41E5E698B001571EF /* Test+beFalsy.swift in Sources */ = {isa = PBXBuildFile; fileRef = 5487CFE21E5E698B001571EF /* Test+beFalsy.swift */; };
		549BF8D11E5DA9DD00308A6C /* Spry.framework in Frameworks */ = {isa = PBXBuildFile; fileRef = 549BF8C71E5DA9DC00308A6C /* Spry.framework */; };
		549BF8F51E5DB79100308A6C /* Test+equal.swift in Sources */ = {isa = PBXBuildFile; fileRef = 549BF8F41E5DB79100308A6C /* Test+equal.swift */; };
		549BF9071E5DB9E100308A6C /* Spry.framework in Frameworks */ = {isa = PBXBuildFile; fileRef = 549BF8FE1E5DB9E100308A6C /* Spry.framework */; };
		549BF9171E5DBB1E00308A6C /* Test+equal.swift in Sources */ = {isa = PBXBuildFile; fileRef = 549BF8F41E5DB79100308A6C /* Test+equal.swift */; };
		549BF9271E5DEC8B00308A6C /* Test+beNil.swift in Sources */ = {isa = PBXBuildFile; fileRef = 549BF9261E5DEC8B00308A6C /* Test+beNil.swift */; };
		549BF9281E5DEC8B00308A6C /* Test+beNil.swift in Sources */ = {isa = PBXBuildFile; fileRef = 549BF9261E5DEC8B00308A6C /* Test+beNil.swift */; };
		54E63D3A1E5E14550060AC66 /* Test+beAKindOf.swift in Sources */ = {isa = PBXBuildFile; fileRef = 54E63D391E5E14550060AC66 /* Test+beAKindOf.swift */; };
		54E63D3B1E5E14550060AC66 /* Test+beAKindOf.swift in Sources */ = {isa = PBXBuildFile; fileRef = 54E63D391E5E14550060AC66 /* Test+beAKindOf.swift */; };
		54E63D451E5E47360060AC66 /* Test+beAnInstanceOf.swift in Sources */ = {isa = PBXBuildFile; fileRef = 54E63D3C1E5E15240060AC66 /* Test+beAnInstanceOf.swift */; };
		54E63D461E5E47370060AC66 /* Test+beAnInstanceOf.swift in Sources */ = {isa = PBXBuildFile; fileRef = 54E63D3C1E5E15240060AC66 /* Test+beAnInstanceOf.swift */; };
/* End PBXBuildFile section */

/* Begin PBXContainerItemProxy section */
		549BF8D21E5DA9DD00308A6C /* PBXContainerItemProxy */ = {
			isa = PBXContainerItemProxy;
			containerPortal = 549BF82E1E5DA17800308A6C /* Project object */;
			proxyType = 1;
			remoteGlobalIDString = 549BF8C61E5DA9DC00308A6C;
			remoteInfo = "Spry-macOS";
		};
		549BF9081E5DB9E100308A6C /* PBXContainerItemProxy */ = {
			isa = PBXContainerItemProxy;
			containerPortal = 549BF82E1E5DA17800308A6C /* Project object */;
			proxyType = 1;
			remoteGlobalIDString = 549BF8FD1E5DB9E100308A6C;
			remoteInfo = "Spry-iOS";
		};
/* End PBXContainerItemProxy section */

/* Begin PBXFileReference section */
		5487CF431E5E4CBC001571EF /* README.md */ = {isa = PBXFileReference; lastKnownFileType = net.daringfireball.markdown; path = README.md; sourceTree = "<group>"; };
		5487CF451E5E53A8001571EF /* Info.plist */ = {isa = PBXFileReference; fileEncoding = 4; lastKnownFileType = text.plist.xml; path = Info.plist; sourceTree = "<group>"; };
		5487CF481E5E53A8001571EF /* Expectation.swift */ = {isa = PBXFileReference; fileEncoding = 4; lastKnownFileType = sourcecode.swift; path = Expectation.swift; sourceTree = "<group>"; };
		5487CF491E5E53A8001571EF /* Expression.swift */ = {isa = PBXFileReference; fileEncoding = 4; lastKnownFileType = sourcecode.swift; path = Expression.swift; sourceTree = "<group>"; };
		5487CF4A1E5E53A8001571EF /* Helpers.swift */ = {isa = PBXFileReference; fileEncoding = 4; lastKnownFileType = sourcecode.swift; path = Helpers.swift; sourceTree = "<group>"; };
		5487CF4B1E5E53A8001571EF /* Matcher.swift */ = {isa = PBXFileReference; fileEncoding = 4; lastKnownFileType = sourcecode.swift; path = Matcher.swift; sourceTree = "<group>"; };
		5487CF4D1E5E53A8001571EF /* beAKindOf.swift */ = {isa = PBXFileReference; fileEncoding = 4; lastKnownFileType = sourcecode.swift; path = beAKindOf.swift; sourceTree = "<group>"; };
		5487CF4E1E5E53A8001571EF /* beAnInstanceOf.swift */ = {isa = PBXFileReference; fileEncoding = 4; lastKnownFileType = sourcecode.swift; path = beAnInstanceOf.swift; sourceTree = "<group>"; };
		5487CF4F1E5E53A8001571EF /* beCloseTo.swift */ = {isa = PBXFileReference; fileEncoding = 4; lastKnownFileType = sourcecode.swift; path = beCloseTo.swift; sourceTree = "<group>"; };
		5487CF501E5E53A8001571EF /* beEmpty.swift */ = {isa = PBXFileReference; fileEncoding = 4; lastKnownFileType = sourcecode.swift; path = beEmpty.swift; sourceTree = "<group>"; };
		5487CF511E5E53A8001571EF /* beginWith.swift */ = {isa = PBXFileReference; fileEncoding = 4; lastKnownFileType = sourcecode.swift; path = beginWith.swift; sourceTree = "<group>"; };
		5487CF521E5E53A8001571EF /* beGreaterThan.swift */ = {isa = PBXFileReference; fileEncoding = 4; lastKnownFileType = sourcecode.swift; path = beGreaterThan.swift; sourceTree = "<group>"; };
		5487CF531E5E53A8001571EF /* beGreaterThanOrEqualTo.swift */ = {isa = PBXFileReference; fileEncoding = 4; lastKnownFileType = sourcecode.swift; path = beGreaterThanOrEqualTo.swift; sourceTree = "<group>"; };
		5487CF541E5E53A8001571EF /* beIdenticalTo.swift */ = {isa = PBXFileReference; fileEncoding = 4; lastKnownFileType = sourcecode.swift; path = beIdenticalTo.swift; sourceTree = "<group>"; };
		5487CF551E5E53A8001571EF /* beLessThan.swift */ = {isa = PBXFileReference; fileEncoding = 4; lastKnownFileType = sourcecode.swift; path = beLessThan.swift; sourceTree = "<group>"; };
		5487CF561E5E53A8001571EF /* beLessThanOrEqual.swift */ = {isa = PBXFileReference; fileEncoding = 4; lastKnownFileType = sourcecode.swift; path = beLessThanOrEqual.swift; sourceTree = "<group>"; };
		5487CF571E5E53A8001571EF /* beLogical.swift */ = {isa = PBXFileReference; fileEncoding = 4; lastKnownFileType = sourcecode.swift; path = beLogical.swift; sourceTree = "<group>"; };
		5487CF581E5E53A8001571EF /* beNil.swift */ = {isa = PBXFileReference; fileEncoding = 4; lastKnownFileType = sourcecode.swift; path = beNil.swift; sourceTree = "<group>"; };
		5487CF591E5E53A8001571EF /* beVoid.swift */ = {isa = PBXFileReference; fileEncoding = 4; lastKnownFileType = sourcecode.swift; path = beVoid.swift; sourceTree = "<group>"; };
		5487CF5A1E5E53A8001571EF /* contain.swift */ = {isa = PBXFileReference; fileEncoding = 4; lastKnownFileType = sourcecode.swift; path = contain.swift; sourceTree = "<group>"; };
		5487CF5B1E5E53A8001571EF /* containElementSatisfying.swift */ = {isa = PBXFileReference; fileEncoding = 4; lastKnownFileType = sourcecode.swift; path = containElementSatisfying.swift; sourceTree = "<group>"; };
		5487CF5C1E5E53A8001571EF /* endWith.swift */ = {isa = PBXFileReference; fileEncoding = 4; lastKnownFileType = sourcecode.swift; path = endWith.swift; sourceTree = "<group>"; };
		5487CF5D1E5E53A8001571EF /* equal.swift */ = {isa = PBXFileReference; fileEncoding = 4; lastKnownFileType = sourcecode.swift; path = equal.swift; sourceTree = "<group>"; };
		5487CF5E1E5E53A8001571EF /* haveCount.swift */ = {isa = PBXFileReference; fileEncoding = 4; lastKnownFileType = sourcecode.swift; path = haveCount.swift; sourceTree = "<group>"; };
		5487CF5F1E5E53A8001571EF /* match.swift */ = {isa = PBXFileReference; fileEncoding = 4; lastKnownFileType = sourcecode.swift; path = match.swift; sourceTree = "<group>"; };
		5487CF601E5E53A8001571EF /* satisfyAnyOf.swift */ = {isa = PBXFileReference; fileEncoding = 4; lastKnownFileType = sourcecode.swift; path = satisfyAnyOf.swift; sourceTree = "<group>"; };
		5487CF611E5E53A8001571EF /* Spry.swift */ = {isa = PBXFileReference; fileEncoding = 4; lastKnownFileType = sourcecode.swift; path = Spry.swift; sourceTree = "<group>"; };
		5487CF621E5E53A8001571EF /* Spry.h */ = {isa = PBXFileReference; fileEncoding = 4; lastKnownFileType = sourcecode.c.h; path = Spry.h; sourceTree = "<group>"; };
		5487CF991E5E5B52001571EF /* Test+beCloseTo.swift */ = {isa = PBXFileReference; fileEncoding = 4; lastKnownFileType = sourcecode.swift; path = "Test+beCloseTo.swift"; sourceTree = "<group>"; };
		5487CF9D1E5E5C95001571EF /* Date+Extension.swift */ = {isa = PBXFileReference; fileEncoding = 4; lastKnownFileType = sourcecode.swift; path = "Date+Extension.swift"; sourceTree = "<group>"; };
		5487CFA01E5E61CE001571EF /* Test+beEmpty.swift */ = {isa = PBXFileReference; fileEncoding = 4; lastKnownFileType = sourcecode.swift; path = "Test+beEmpty.swift"; sourceTree = "<group>"; };
		5487CFA31E5E6267001571EF /* Test+beginWith.swift */ = {isa = PBXFileReference; fileEncoding = 4; lastKnownFileType = sourcecode.swift; path = "Test+beginWith.swift"; sourceTree = "<group>"; };
		5487CFA61E5E62CA001571EF /* Test+beGreaterThanOrEqualTo.swift */ = {isa = PBXFileReference; fileEncoding = 4; lastKnownFileType = sourcecode.swift; path = "Test+beGreaterThanOrEqualTo.swift"; sourceTree = "<group>"; };
		5487CFA91E5E62D9001571EF /* Test+beGreaterThan.swift */ = {isa = PBXFileReference; fileEncoding = 4; lastKnownFileType = sourcecode.swift; path = "Test+beGreaterThan.swift"; sourceTree = "<group>"; };
		5487CFAC1E5E62E9001571EF /* Test+beIdenticalTo.swift */ = {isa = PBXFileReference; fileEncoding = 4; lastKnownFileType = sourcecode.swift; path = "Test+beIdenticalTo.swift"; sourceTree = "<group>"; };
		5487CFAF1E5E62FC001571EF /* Test+beLessThanOrEqualTo.swift */ = {isa = PBXFileReference; fileEncoding = 4; lastKnownFileType = sourcecode.swift; path = "Test+beLessThanOrEqualTo.swift"; sourceTree = "<group>"; };
		5487CFB21E5E6307001571EF /* Test+beLessThan.swift */ = {isa = PBXFileReference; fileEncoding = 4; lastKnownFileType = sourcecode.swift; path = "Test+beLessThan.swift"; sourceTree = "<group>"; };
		5487CFB51E5E6316001571EF /* Test+beLogical.swift */ = {isa = PBXFileReference; fileEncoding = 4; lastKnownFileType = sourcecode.swift; path = "Test+beLogical.swift"; sourceTree = "<group>"; };
		5487CFB81E5E6335001571EF /* Test+beVoid.swift */ = {isa = PBXFileReference; fileEncoding = 4; lastKnownFileType = sourcecode.swift; path = "Test+beVoid.swift"; sourceTree = "<group>"; };
		5487CFBB1E5E6343001571EF /* Test+containElementSatisfying.swift */ = {isa = PBXFileReference; fileEncoding = 4; lastKnownFileType = sourcecode.swift; path = "Test+containElementSatisfying.swift"; sourceTree = "<group>"; };
		5487CFBE1E5E6349001571EF /* Test+contain.swift */ = {isa = PBXFileReference; fileEncoding = 4; lastKnownFileType = sourcecode.swift; path = "Test+contain.swift"; sourceTree = "<group>"; };
		5487CFC11E5E6352001571EF /* Test+endWIth.swift */ = {isa = PBXFileReference; fileEncoding = 4; lastKnownFileType = sourcecode.swift; path = "Test+endWIth.swift"; sourceTree = "<group>"; };
		5487CFC41E5E635D001571EF /* Test+haveCount.swift */ = {isa = PBXFileReference; fileEncoding = 4; lastKnownFileType = sourcecode.swift; path = "Test+haveCount.swift"; sourceTree = "<group>"; };
		5487CFC71E5E636C001571EF /* Test+match.swift */ = {isa = PBXFileReference; fileEncoding = 4; lastKnownFileType = sourcecode.swift; path = "Test+match.swift"; sourceTree = "<group>"; };
		5487CFCA1E5E637A001571EF /* Test+satisfyAnyOf.swift */ = {isa = PBXFileReference; fileEncoding = 4; lastKnownFileType = sourcecode.swift; path = "Test+satisfyAnyOf.swift"; sourceTree = "<group>"; };
		5487CFCD1E5E673C001571EF /* Comparable+Extension.swift */ = {isa = PBXFileReference; fileEncoding = 4; lastKnownFileType = sourcecode.swift; path = "Comparable+Extension.swift"; sourceTree = "<group>"; };
		5487CFD01E5E6756001571EF /* ConvertibleToDouble.swift */ = {isa = PBXFileReference; fileEncoding = 4; lastKnownFileType = sourcecode.swift; path = ConvertibleToDouble.swift; sourceTree = "<group>"; };
		5487CFD61E5E6897001571EF /* Test+beIdenticalToObject.swift */ = {isa = PBXFileReference; fileEncoding = 4; lastKnownFileType = sourcecode.swift; path = "Test+beIdenticalToObject.swift"; sourceTree = "<group>"; };
		5487CFD91E5E6973001571EF /* Test+beTrue.swift */ = {isa = PBXFileReference; fileEncoding = 4; lastKnownFileType = sourcecode.swift; path = "Test+beTrue.swift"; sourceTree = "<group>"; };
		5487CFDC1E5E697C001571EF /* Test+beTruthy.swift */ = {isa = PBXFileReference; fileEncoding = 4; lastKnownFileType = sourcecode.swift; path = "Test+beTruthy.swift"; sourceTree = "<group>"; };
		5487CFDF1E5E6984001571EF /* Test+beFalse.swift */ = {isa = PBXFileReference; fileEncoding = 4; lastKnownFileType = sourcecode.swift; path = "Test+beFalse.swift"; sourceTree = "<group>"; };
		5487CFE21E5E698B001571EF /* Test+beFalsy.swift */ = {isa = PBXFileReference; fileEncoding = 4; lastKnownFileType = sourcecode.swift; path = "Test+beFalsy.swift"; sourceTree = "<group>"; };
		549BF8C71E5DA9DC00308A6C /* Spry.framework */ = {isa = PBXFileReference; explicitFileType = wrapper.framework; includeInIndex = 0; path = Spry.framework; sourceTree = BUILT_PRODUCTS_DIR; };
		549BF8D01E5DA9DD00308A6C /* SpryTests.xctest */ = {isa = PBXFileReference; explicitFileType = wrapper.cfbundle; includeInIndex = 0; path = SpryTests.xctest; sourceTree = BUILT_PRODUCTS_DIR; };
		549BF8E11E5DAF6D00308A6C /* Info.plist */ = {isa = PBXFileReference; lastKnownFileType = text.plist.xml; path = Info.plist; sourceTree = "<group>"; };
		549BF8F31E5DB79100308A6C /* Spry-macOSTests-Bridging-Header.h */ = {isa = PBXFileReference; lastKnownFileType = sourcecode.c.h; path = "Spry-macOSTests-Bridging-Header.h"; sourceTree = "<group>"; };
		549BF8F41E5DB79100308A6C /* Test+equal.swift */ = {isa = PBXFileReference; fileEncoding = 4; lastKnownFileType = sourcecode.swift; path = "Test+equal.swift"; sourceTree = "<group>"; };
		549BF8FE1E5DB9E100308A6C /* Spry.framework */ = {isa = PBXFileReference; explicitFileType = wrapper.framework; includeInIndex = 0; path = Spry.framework; sourceTree = BUILT_PRODUCTS_DIR; };
		549BF9061E5DB9E100308A6C /* SpryTests.xctest */ = {isa = PBXFileReference; explicitFileType = wrapper.cfbundle; includeInIndex = 0; path = SpryTests.xctest; sourceTree = BUILT_PRODUCTS_DIR; };
		549BF9261E5DEC8B00308A6C /* Test+beNil.swift */ = {isa = PBXFileReference; fileEncoding = 4; lastKnownFileType = sourcecode.swift; path = "Test+beNil.swift"; sourceTree = "<group>"; };
		54E63D391E5E14550060AC66 /* Test+beAKindOf.swift */ = {isa = PBXFileReference; fileEncoding = 4; lastKnownFileType = sourcecode.swift; path = "Test+beAKindOf.swift"; sourceTree = "<group>"; };
		54E63D3C1E5E15240060AC66 /* Test+beAnInstanceOf.swift */ = {isa = PBXFileReference; fileEncoding = 4; lastKnownFileType = sourcecode.swift; path = "Test+beAnInstanceOf.swift"; sourceTree = "<group>"; };
/* End PBXFileReference section */

/* Begin PBXFrameworksBuildPhase section */
		549BF8C31E5DA9DC00308A6C /* Frameworks */ = {
			isa = PBXFrameworksBuildPhase;
			buildActionMask = 2147483647;
			files = (
			);
			runOnlyForDeploymentPostprocessing = 0;
		};
		549BF8CD1E5DA9DD00308A6C /* Frameworks */ = {
			isa = PBXFrameworksBuildPhase;
			buildActionMask = 2147483647;
			files = (
				549BF8D11E5DA9DD00308A6C /* Spry.framework in Frameworks */,
			);
			runOnlyForDeploymentPostprocessing = 0;
		};
		549BF8FA1E5DB9E100308A6C /* Frameworks */ = {
			isa = PBXFrameworksBuildPhase;
			buildActionMask = 2147483647;
			files = (
			);
			runOnlyForDeploymentPostprocessing = 0;
		};
		549BF9031E5DB9E100308A6C /* Frameworks */ = {
			isa = PBXFrameworksBuildPhase;
			buildActionMask = 2147483647;
			files = (
				549BF9071E5DB9E100308A6C /* Spry.framework in Frameworks */,
			);
			runOnlyForDeploymentPostprocessing = 0;
		};
/* End PBXFrameworksBuildPhase section */

/* Begin PBXGroup section */
		5487CF441E5E53A8001571EF /* Source */ = {
			isa = PBXGroup;
			children = (
				5487CF461E5E53A8001571EF /* Spry */,
				5496708F1E5E6F7300D9B0FC /* Support Files */,
			);
			path = Source;
			sourceTree = "<group>";
		};
		5487CF461E5E53A8001571EF /* Spry */ = {
			isa = PBXGroup;
			children = (
				5487CF471E5E53A8001571EF /* Core */,
				5487CF4C1E5E53A8001571EF /* Matchers */,
				5487CF611E5E53A8001571EF /* Spry.swift */,
			);
			path = Spry;
			sourceTree = "<group>";
		};
		5487CF471E5E53A8001571EF /* Core */ = {
			isa = PBXGroup;
			children = (
				5487CFCD1E5E673C001571EF /* Comparable+Extension.swift */,
				5487CFD01E5E6756001571EF /* ConvertibleToDouble.swift */,
				5487CF481E5E53A8001571EF /* Expectation.swift */,
				5487CF491E5E53A8001571EF /* Expression.swift */,
				5487CF4A1E5E53A8001571EF /* Helpers.swift */,
				5487CF4B1E5E53A8001571EF /* Matcher.swift */,
			);
			path = Core;
			sourceTree = "<group>";
		};
		5487CF4C1E5E53A8001571EF /* Matchers */ = {
			isa = PBXGroup;
			children = (
				5487CF4D1E5E53A8001571EF /* beAKindOf.swift */,
				5487CF4E1E5E53A8001571EF /* beAnInstanceOf.swift */,
				5487CF4F1E5E53A8001571EF /* beCloseTo.swift */,
				5487CF501E5E53A8001571EF /* beEmpty.swift */,
				5487CF511E5E53A8001571EF /* beginWith.swift */,
				5487CF521E5E53A8001571EF /* beGreaterThan.swift */,
				5487CF531E5E53A8001571EF /* beGreaterThanOrEqualTo.swift */,
				5487CF541E5E53A8001571EF /* beIdenticalTo.swift */,
				5487CF551E5E53A8001571EF /* beLessThan.swift */,
				5487CF561E5E53A8001571EF /* beLessThanOrEqual.swift */,
				5487CF571E5E53A8001571EF /* beLogical.swift */,
				5487CF581E5E53A8001571EF /* beNil.swift */,
				5487CF591E5E53A8001571EF /* beVoid.swift */,
				5487CF5A1E5E53A8001571EF /* contain.swift */,
				5487CF5B1E5E53A8001571EF /* containElementSatisfying.swift */,
				5487CF5C1E5E53A8001571EF /* endWith.swift */,
				5487CF5D1E5E53A8001571EF /* equal.swift */,
				5487CF5E1E5E53A8001571EF /* haveCount.swift */,
				5487CF5F1E5E53A8001571EF /* match.swift */,
				5487CF601E5E53A8001571EF /* satisfyAnyOf.swift */,
			);
			path = Matchers;
			sourceTree = "<group>";
		};
		5487CF9C1E5E5C8E001571EF /* Helpers */ = {
			isa = PBXGroup;
			children = (
				5487CFB51E5E6316001571EF /* Test+beLogical.swift */,
				5487CF9D1E5E5C95001571EF /* Date+Extension.swift */,
			);
			name = Helpers;
			sourceTree = "<group>";
		};
		5496708F1E5E6F7300D9B0FC /* Support Files */ = {
			isa = PBXGroup;
			children = (
				5487CF621E5E53A8001571EF /* Spry.h */,
				5487CF451E5E53A8001571EF /* Info.plist */,
			);
			name = "Support Files";
			sourceTree = "<group>";
		};
		549BF82D1E5DA17800308A6C = {
			isa = PBXGroup;
			children = (
				5487CF431E5E4CBC001571EF /* README.md */,
				5487CF441E5E53A8001571EF /* Source */,
				549BF8E01E5DAF6D00308A6C /* Tests */,
				549BF8C81E5DA9DC00308A6C /* Products */,
			);
			sourceTree = "<group>";
		};
		549BF8C81E5DA9DC00308A6C /* Products */ = {
			isa = PBXGroup;
			children = (
				549BF8C71E5DA9DC00308A6C /* Spry.framework */,
				549BF8D01E5DA9DD00308A6C /* SpryTests.xctest */,
				549BF8FE1E5DB9E100308A6C /* Spry.framework */,
				549BF9061E5DB9E100308A6C /* SpryTests.xctest */,
			);
			name = Products;
			sourceTree = "<group>";
		};
		549BF8E01E5DAF6D00308A6C /* Tests */ = {
			isa = PBXGroup;
			children = (
				54E63D391E5E14550060AC66 /* Test+beAKindOf.swift */,
				54E63D3C1E5E15240060AC66 /* Test+beAnInstanceOf.swift */,
				5487CF991E5E5B52001571EF /* Test+beCloseTo.swift */,
				5487CFA01E5E61CE001571EF /* Test+beEmpty.swift */,
				5487CFA31E5E6267001571EF /* Test+beginWith.swift */,
				5487CFA91E5E62D9001571EF /* Test+beGreaterThan.swift */,
				5487CFA61E5E62CA001571EF /* Test+beGreaterThanOrEqualTo.swift */,
				5487CFAC1E5E62E9001571EF /* Test+beIdenticalTo.swift */,
				5487CFD61E5E6897001571EF /* Test+beIdenticalToObject.swift */,
				5487CFB21E5E6307001571EF /* Test+beLessThan.swift */,
				5487CFAF1E5E62FC001571EF /* Test+beLessThanOrEqualTo.swift */,
				5487CFD91E5E6973001571EF /* Test+beTrue.swift */,
				5487CFDC1E5E697C001571EF /* Test+beTruthy.swift */,
				5487CFDF1E5E6984001571EF /* Test+beFalse.swift */,
				5487CFE21E5E698B001571EF /* Test+beFalsy.swift */,
				549BF9261E5DEC8B00308A6C /* Test+beNil.swift */,
				5487CFB81E5E6335001571EF /* Test+beVoid.swift */,
				5487CFBE1E5E6349001571EF /* Test+contain.swift */,
				5487CFBB1E5E6343001571EF /* Test+containElementSatisfying.swift */,
				5487CFC11E5E6352001571EF /* Test+endWIth.swift */,
				549BF8F41E5DB79100308A6C /* Test+equal.swift */,
				5487CFC41E5E635D001571EF /* Test+haveCount.swift */,
				5487CFC71E5E636C001571EF /* Test+match.swift */,
				5487CFCA1E5E637A001571EF /* Test+satisfyAnyOf.swift */,
				5487CF9C1E5E5C8E001571EF /* Helpers */,
				549BF8E71E5DAF8D00308A6C /* Support Files */,
			);
			path = Tests;
			sourceTree = "<group>";
		};
		549BF8E71E5DAF8D00308A6C /* Support Files */ = {
			isa = PBXGroup;
			children = (
				549BF8F31E5DB79100308A6C /* Spry-macOSTests-Bridging-Header.h */,
				549BF8E11E5DAF6D00308A6C /* Info.plist */,
			);
			name = "Support Files";
			sourceTree = "<group>";
		};
/* End PBXGroup section */

/* Begin PBXHeadersBuildPhase section */
		549BF8C41E5DA9DC00308A6C /* Headers */ = {
			isa = PBXHeadersBuildPhase;
			buildActionMask = 2147483647;
			files = (
				5487CF971E5E53A8001571EF /* Spry.h in Headers */,
			);
			runOnlyForDeploymentPostprocessing = 0;
		};
		549BF8FB1E5DB9E100308A6C /* Headers */ = {
			isa = PBXHeadersBuildPhase;
			buildActionMask = 2147483647;
			files = (
				5487CF981E5E53A8001571EF /* Spry.h in Headers */,
			);
			runOnlyForDeploymentPostprocessing = 0;
		};
/* End PBXHeadersBuildPhase section */

/* Begin PBXNativeTarget section */
		549BF8C61E5DA9DC00308A6C /* Spry-macOS */ = {
			isa = PBXNativeTarget;
			buildConfigurationList = 549BF8DD1E5DA9DD00308A6C /* Build configuration list for PBXNativeTarget "Spry-macOS" */;
			buildPhases = (
				549BF8C21E5DA9DC00308A6C /* Sources */,
				549BF8C31E5DA9DC00308A6C /* Frameworks */,
				549BF8C41E5DA9DC00308A6C /* Headers */,
				549BF8C51E5DA9DC00308A6C /* Resources */,
			);
			buildRules = (
			);
			dependencies = (
			);
			name = "Spry-macOS";
			productName = "Spry-macOS";
			productReference = 549BF8C71E5DA9DC00308A6C /* Spry.framework */;
			productType = "com.apple.product-type.framework";
		};
		549BF8CF1E5DA9DD00308A6C /* Spry-macOSTests */ = {
			isa = PBXNativeTarget;
			buildConfigurationList = 549BF8DE1E5DA9DD00308A6C /* Build configuration list for PBXNativeTarget "Spry-macOSTests" */;
			buildPhases = (
				549BF8CC1E5DA9DD00308A6C /* Sources */,
				549BF8CD1E5DA9DD00308A6C /* Frameworks */,
				549BF8CE1E5DA9DD00308A6C /* Resources */,
			);
			buildRules = (
			);
			dependencies = (
				549BF8D31E5DA9DD00308A6C /* PBXTargetDependency */,
			);
			name = "Spry-macOSTests";
			productName = "Spry-macOSTests";
			productReference = 549BF8D01E5DA9DD00308A6C /* SpryTests.xctest */;
			productType = "com.apple.product-type.bundle.unit-test";
		};
		549BF8FD1E5DB9E100308A6C /* Spry-iOS */ = {
			isa = PBXNativeTarget;
			buildConfigurationList = 549BF90F1E5DB9E100308A6C /* Build configuration list for PBXNativeTarget "Spry-iOS" */;
			buildPhases = (
				549BF8F91E5DB9E100308A6C /* Sources */,
				549BF8FA1E5DB9E100308A6C /* Frameworks */,
				549BF8FB1E5DB9E100308A6C /* Headers */,
				549BF8FC1E5DB9E100308A6C /* Resources */,
			);
			buildRules = (
			);
			dependencies = (
			);
			name = "Spry-iOS";
			productName = "Spry-iOS";
			productReference = 549BF8FE1E5DB9E100308A6C /* Spry.framework */;
			productType = "com.apple.product-type.framework";
		};
		549BF9051E5DB9E100308A6C /* Spry-iOSTests */ = {
			isa = PBXNativeTarget;
			buildConfigurationList = 549BF9121E5DB9E100308A6C /* Build configuration list for PBXNativeTarget "Spry-iOSTests" */;
			buildPhases = (
				549BF9021E5DB9E100308A6C /* Sources */,
				549BF9031E5DB9E100308A6C /* Frameworks */,
				549BF9041E5DB9E100308A6C /* Resources */,
			);
			buildRules = (
			);
			dependencies = (
				549BF9091E5DB9E100308A6C /* PBXTargetDependency */,
			);
			name = "Spry-iOSTests";
			productName = "Spry-iOSTests";
			productReference = 549BF9061E5DB9E100308A6C /* SpryTests.xctest */;
			productType = "com.apple.product-type.bundle.unit-test";
		};
/* End PBXNativeTarget section */

/* Begin PBXProject section */
		549BF82E1E5DA17800308A6C /* Project object */ = {
			isa = PBXProject;
			attributes = {
				LastSwiftUpdateCheck = 0820;
				LastUpgradeCheck = 0830;
				TargetAttributes = {
					549BF8C61E5DA9DC00308A6C = {
						CreatedOnToolsVersion = 8.2.1;
						LastSwiftMigration = 0820;
						ProvisioningStyle = Manual;
					};
					549BF8CF1E5DA9DD00308A6C = {
						CreatedOnToolsVersion = 8.2.1;
						LastSwiftMigration = 0820;
						ProvisioningStyle = Automatic;
					};
					549BF8FD1E5DB9E100308A6C = {
						CreatedOnToolsVersion = 8.2.1;
						ProvisioningStyle = Automatic;
					};
					549BF9051E5DB9E100308A6C = {
						CreatedOnToolsVersion = 8.2.1;
						ProvisioningStyle = Automatic;
					};
				};
			};
			buildConfigurationList = 549BF8311E5DA17800308A6C /* Build configuration list for PBXProject "Spry" */;
			compatibilityVersion = "Xcode 3.2";
			developmentRegion = English;
			hasScannedForEncodings = 0;
			knownRegions = (
				en,
			);
			mainGroup = 549BF82D1E5DA17800308A6C;
			productRefGroup = 549BF8C81E5DA9DC00308A6C /* Products */;
			projectDirPath = "";
			projectRoot = "";
			targets = (
				549BF8C61E5DA9DC00308A6C /* Spry-macOS */,
				549BF8CF1E5DA9DD00308A6C /* Spry-macOSTests */,
				549BF8FD1E5DB9E100308A6C /* Spry-iOS */,
				549BF9051E5DB9E100308A6C /* Spry-iOSTests */,
			);
		};
/* End PBXProject section */

/* Begin PBXResourcesBuildPhase section */
		549BF8C51E5DA9DC00308A6C /* Resources */ = {
			isa = PBXResourcesBuildPhase;
			buildActionMask = 2147483647;
			files = (
			);
			runOnlyForDeploymentPostprocessing = 0;
		};
		549BF8CE1E5DA9DD00308A6C /* Resources */ = {
			isa = PBXResourcesBuildPhase;
			buildActionMask = 2147483647;
			files = (
			);
			runOnlyForDeploymentPostprocessing = 0;
		};
		549BF8FC1E5DB9E100308A6C /* Resources */ = {
			isa = PBXResourcesBuildPhase;
			buildActionMask = 2147483647;
			files = (
			);
			runOnlyForDeploymentPostprocessing = 0;
		};
		549BF9041E5DB9E100308A6C /* Resources */ = {
			isa = PBXResourcesBuildPhase;
			buildActionMask = 2147483647;
			files = (
			);
			runOnlyForDeploymentPostprocessing = 0;
		};
/* End PBXResourcesBuildPhase section */

/* Begin PBXSourcesBuildPhase section */
		549BF8C21E5DA9DC00308A6C /* Sources */ = {
			isa = PBXSourcesBuildPhase;
			buildActionMask = 2147483647;
			files = (
				5487CF831E5E53A8001571EF /* beNil.swift in Sources */,
				5487CF7F1E5E53A8001571EF /* beLessThanOrEqual.swift in Sources */,
				5487CF811E5E53A8001571EF /* beLogical.swift in Sources */,
				5487CF751E5E53A8001571EF /* beginWith.swift in Sources */,
				5487CF6B1E5E53A8001571EF /* Matcher.swift in Sources */,
				5487CF931E5E53A8001571EF /* satisfyAnyOf.swift in Sources */,
				5487CF771E5E53A8001571EF /* beGreaterThan.swift in Sources */,
				5487CF651E5E53A8001571EF /* Expectation.swift in Sources */,
				5487CFCE1E5E673C001571EF /* Comparable+Extension.swift in Sources */,
				5487CF8F1E5E53A8001571EF /* haveCount.swift in Sources */,
				5487CF691E5E53A8001571EF /* Helpers.swift in Sources */,
				5487CF8D1E5E53A8001571EF /* equal.swift in Sources */,
				5487CF6F1E5E53A8001571EF /* beAnInstanceOf.swift in Sources */,
				5487CF911E5E53A8001571EF /* match.swift in Sources */,
				5487CF7D1E5E53A8001571EF /* beLessThan.swift in Sources */,
				5487CF871E5E53A8001571EF /* contain.swift in Sources */,
				5487CF9E1E5E5C95001571EF /* Date+Extension.swift in Sources */,
				5487CF791E5E53A8001571EF /* beGreaterThanOrEqualTo.swift in Sources */,
				5487CF671E5E53A8001571EF /* Expression.swift in Sources */,
				5487CF6D1E5E53A8001571EF /* beAKindOf.swift in Sources */,
				5487CF7B1E5E53A8001571EF /* beIdenticalTo.swift in Sources */,
				5487CF851E5E53A8001571EF /* beVoid.swift in Sources */,
				5487CF731E5E53A8001571EF /* beEmpty.swift in Sources */,
				5487CFD11E5E6756001571EF /* ConvertibleToDouble.swift in Sources */,
				5487CF711E5E53A8001571EF /* beCloseTo.swift in Sources */,
				5487CF951E5E53A8001571EF /* Spry.swift in Sources */,
				5487CF891E5E53A8001571EF /* containElementSatisfying.swift in Sources */,
				5487CF8B1E5E53A8001571EF /* endWith.swift in Sources */,
			);
			runOnlyForDeploymentPostprocessing = 0;
		};
		549BF8CC1E5DA9DD00308A6C /* Sources */ = {
			isa = PBXSourcesBuildPhase;
			buildActionMask = 2147483647;
			files = (
				5487CFA11E5E61CE001571EF /* Test+beEmpty.swift in Sources */,
				5487CFCB1E5E637A001571EF /* Test+satisfyAnyOf.swift in Sources */,
				5487CFE01E5E6984001571EF /* Test+beFalse.swift in Sources */,
				5487CFDD1E5E697C001571EF /* Test+beTruthy.swift in Sources */,
				5487CFC51E5E635D001571EF /* Test+haveCount.swift in Sources */,
				5487CFB61E5E6316001571EF /* Test+beLogical.swift in Sources */,
				5487CFAD1E5E62E9001571EF /* Test+beIdenticalTo.swift in Sources */,
				549BF9271E5DEC8B00308A6C /* Test+beNil.swift in Sources */,
				5487CFBF1E5E6349001571EF /* Test+contain.swift in Sources */,
				5487CFA41E5E6267001571EF /* Test+beginWith.swift in Sources */,
				54E63D3A1E5E14550060AC66 /* Test+beAKindOf.swift in Sources */,
				5487CF9A1E5E5B52001571EF /* Test+beCloseTo.swift in Sources */,
				5487CFC81E5E636C001571EF /* Test+match.swift in Sources */,
				5487CFA71E5E62CA001571EF /* Test+beGreaterThanOrEqualTo.swift in Sources */,
				5487CFDA1E5E6973001571EF /* Test+beTrue.swift in Sources */,
				549BF8F51E5DB79100308A6C /* Test+equal.swift in Sources */,
				5487CFB31E5E6307001571EF /* Test+beLessThan.swift in Sources */,
				5487CFC21E5E6352001571EF /* Test+endWIth.swift in Sources */,
				5487CFB91E5E6335001571EF /* Test+beVoid.swift in Sources */,
				5487CFE31E5E698B001571EF /* Test+beFalsy.swift in Sources */,
				5487CFB01E5E62FC001571EF /* Test+beLessThanOrEqualTo.swift in Sources */,
				5487CFD71E5E6897001571EF /* Test+beIdenticalToObject.swift in Sources */,
				5487CFAA1E5E62D9001571EF /* Test+beGreaterThan.swift in Sources */,
				54E63D451E5E47360060AC66 /* Test+beAnInstanceOf.swift in Sources */,
				5487CFBC1E5E6343001571EF /* Test+containElementSatisfying.swift in Sources */,
			);
			runOnlyForDeploymentPostprocessing = 0;
		};
		549BF8F91E5DB9E100308A6C /* Sources */ = {
			isa = PBXSourcesBuildPhase;
			buildActionMask = 2147483647;
			files = (
				5487CF841E5E53A8001571EF /* beNil.swift in Sources */,
				5487CF801E5E53A8001571EF /* beLessThanOrEqual.swift in Sources */,
				5487CF821E5E53A8001571EF /* beLogical.swift in Sources */,
				5487CF761E5E53A8001571EF /* beginWith.swift in Sources */,
				5487CF6C1E5E53A8001571EF /* Matcher.swift in Sources */,
				5487CF941E5E53A8001571EF /* satisfyAnyOf.swift in Sources */,
				5487CF781E5E53A8001571EF /* beGreaterThan.swift in Sources */,
				5487CF661E5E53A8001571EF /* Expectation.swift in Sources */,
				5487CFCF1E5E673C001571EF /* Comparable+Extension.swift in Sources */,
				5487CF901E5E53A8001571EF /* haveCount.swift in Sources */,
				5487CF6A1E5E53A8001571EF /* Helpers.swift in Sources */,
				5487CF8E1E5E53A8001571EF /* equal.swift in Sources */,
				5487CF701E5E53A8001571EF /* beAnInstanceOf.swift in Sources */,
				5487CF921E5E53A8001571EF /* match.swift in Sources */,
				5487CF7E1E5E53A8001571EF /* beLessThan.swift in Sources */,
				5487CF881E5E53A8001571EF /* contain.swift in Sources */,
				5487CF9F1E5E5C95001571EF /* Date+Extension.swift in Sources */,
				5487CF7A1E5E53A8001571EF /* beGreaterThanOrEqualTo.swift in Sources */,
				5487CF681E5E53A8001571EF /* Expression.swift in Sources */,
				5487CF6E1E5E53A8001571EF /* beAKindOf.swift in Sources */,
				5487CF7C1E5E53A8001571EF /* beIdenticalTo.swift in Sources */,
				5487CF861E5E53A8001571EF /* beVoid.swift in Sources */,
				5487CF741E5E53A8001571EF /* beEmpty.swift in Sources */,
				5487CFD21E5E6756001571EF /* ConvertibleToDouble.swift in Sources */,
				5487CF721E5E53A8001571EF /* beCloseTo.swift in Sources */,
				5487CF961E5E53A8001571EF /* Spry.swift in Sources */,
				5487CF8A1E5E53A8001571EF /* containElementSatisfying.swift in Sources */,
				5487CF8C1E5E53A8001571EF /* endWith.swift in Sources */,
			);
			runOnlyForDeploymentPostprocessing = 0;
		};
		549BF9021E5DB9E100308A6C /* Sources */ = {
			isa = PBXSourcesBuildPhase;
			buildActionMask = 2147483647;
			files = (
				5487CFA21E5E61CE001571EF /* Test+beEmpty.swift in Sources */,
				5487CFCC1E5E637A001571EF /* Test+satisfyAnyOf.swift in Sources */,
				5487CFE11E5E6984001571EF /* Test+beFalse.swift in Sources */,
				5487CFDE1E5E697C001571EF /* Test+beTruthy.swift in Sources */,
				5487CFC61E5E635D001571EF /* Test+haveCount.swift in Sources */,
				5487CFB71E5E6316001571EF /* Test+beLogical.swift in Sources */,
				5487CFAE1E5E62E9001571EF /* Test+beIdenticalTo.swift in Sources */,
				549BF9281E5DEC8B00308A6C /* Test+beNil.swift in Sources */,
				5487CFC01E5E6349001571EF /* Test+contain.swift in Sources */,
				5487CFA51E5E6267001571EF /* Test+beginWith.swift in Sources */,
				54E63D3B1E5E14550060AC66 /* Test+beAKindOf.swift in Sources */,
				5487CF9B1E5E5B52001571EF /* Test+beCloseTo.swift in Sources */,
				5487CFC91E5E636C001571EF /* Test+match.swift in Sources */,
				5487CFA81E5E62CA001571EF /* Test+beGreaterThanOrEqualTo.swift in Sources */,
				5487CFDB1E5E6973001571EF /* Test+beTrue.swift in Sources */,
				549BF9171E5DBB1E00308A6C /* Test+equal.swift in Sources */,
				5487CFB41E5E6307001571EF /* Test+beLessThan.swift in Sources */,
				5487CFC31E5E6352001571EF /* Test+endWIth.swift in Sources */,
				5487CFBA1E5E6335001571EF /* Test+beVoid.swift in Sources */,
				5487CFE41E5E698B001571EF /* Test+beFalsy.swift in Sources */,
				5487CFB11E5E62FC001571EF /* Test+beLessThanOrEqualTo.swift in Sources */,
				5487CFD81E5E6897001571EF /* Test+beIdenticalToObject.swift in Sources */,
				5487CFAB1E5E62D9001571EF /* Test+beGreaterThan.swift in Sources */,
				54E63D461E5E47370060AC66 /* Test+beAnInstanceOf.swift in Sources */,
				5487CFBD1E5E6343001571EF /* Test+containElementSatisfying.swift in Sources */,
			);
			runOnlyForDeploymentPostprocessing = 0;
		};
/* End PBXSourcesBuildPhase section */

/* Begin PBXTargetDependency section */
		549BF8D31E5DA9DD00308A6C /* PBXTargetDependency */ = {
			isa = PBXTargetDependency;
			target = 549BF8C61E5DA9DC00308A6C /* Spry-macOS */;
			targetProxy = 549BF8D21E5DA9DD00308A6C /* PBXContainerItemProxy */;
		};
		549BF9091E5DB9E100308A6C /* PBXTargetDependency */ = {
			isa = PBXTargetDependency;
			target = 549BF8FD1E5DB9E100308A6C /* Spry-iOS */;
			targetProxy = 549BF9081E5DB9E100308A6C /* PBXContainerItemProxy */;
		};
/* End PBXTargetDependency section */

/* Begin XCBuildConfiguration section */
		549BF8321E5DA17800308A6C /* Debug */ = {
			isa = XCBuildConfiguration;
			buildSettings = {
				ALWAYS_SEARCH_USER_PATHS = NO;
				CLANG_CXX_LANGUAGE_STANDARD = "gnu++0x";
				CLANG_CXX_LIBRARY = "libc++";
				CLANG_WARN_BOOL_CONVERSION = YES;
				CLANG_WARN_CONSTANT_CONVERSION = YES;
				CLANG_WARN_DIRECT_OBJC_ISA_USAGE = YES_ERROR;
				CLANG_WARN_EMPTY_BODY = YES;
				CLANG_WARN_ENUM_CONVERSION = YES;
				CLANG_WARN_INFINITE_RECURSION = YES;
				CLANG_WARN_INT_CONVERSION = YES;
				CLANG_WARN_OBJC_ROOT_CLASS = YES_ERROR;
				CLANG_WARN_SUSPICIOUS_MOVE = YES;
				CLANG_WARN_UNREACHABLE_CODE = YES;
				CLANG_WARN__DUPLICATE_METHOD_MATCH = YES;
				CODE_SIGNING_REQUIRED = NO;
				COPY_PHASE_STRIP = NO;
				CURRENT_PROJECT_VERSION = 1;
				ENABLE_STRICT_OBJC_MSGSEND = YES;
				ENABLE_TESTABILITY = YES;
				GCC_C_LANGUAGE_STANDARD = gnu99;
				GCC_NO_COMMON_BLOCKS = YES;
				GCC_OPTIMIZATION_LEVEL = 0;
				GCC_WARN_64_TO_32_BIT_CONVERSION = YES;
				GCC_WARN_ABOUT_MISSING_NEWLINE = YES;
				GCC_WARN_ABOUT_RETURN_TYPE = YES;
				GCC_WARN_UNDECLARED_SELECTOR = YES;
				GCC_WARN_UNINITIALIZED_AUTOS = YES_AGGRESSIVE;
				GCC_WARN_UNUSED_FUNCTION = YES;
				GCC_WARN_UNUSED_VARIABLE = YES;
				MACOSX_DEPLOYMENT_TARGET = 10.9;
				ONLY_ACTIVE_ARCH = YES;
				SWIFT_OPTIMIZATION_LEVEL = "-Owholemodule";
				SWIFT_VERSION = 3.0;
				TVOS_DEPLOYMENT_TARGET = 9.0;
				VERSIONING_SYSTEM = "apple-generic";
			};
			name = Debug;
		};
		549BF8331E5DA17800308A6C /* Release */ = {
			isa = XCBuildConfiguration;
			buildSettings = {
				ALWAYS_SEARCH_USER_PATHS = NO;
				CLANG_CXX_LANGUAGE_STANDARD = "gnu++0x";
				CLANG_CXX_LIBRARY = "libc++";
				CLANG_WARN_BOOL_CONVERSION = YES;
				CLANG_WARN_CONSTANT_CONVERSION = YES;
				CLANG_WARN_DIRECT_OBJC_ISA_USAGE = YES_ERROR;
				CLANG_WARN_EMPTY_BODY = YES;
				CLANG_WARN_ENUM_CONVERSION = YES;
				CLANG_WARN_INFINITE_RECURSION = YES;
				CLANG_WARN_INT_CONVERSION = YES;
				CLANG_WARN_OBJC_ROOT_CLASS = YES_ERROR;
				CLANG_WARN_SUSPICIOUS_MOVE = YES;
				CLANG_WARN_UNREACHABLE_CODE = YES;
				CLANG_WARN__DUPLICATE_METHOD_MATCH = YES;
				CODE_SIGNING_REQUIRED = NO;
				CURRENT_PROJECT_VERSION = 1;
				ENABLE_STRICT_OBJC_MSGSEND = YES;
				GCC_C_LANGUAGE_STANDARD = gnu99;
				GCC_NO_COMMON_BLOCKS = YES;
				GCC_WARN_64_TO_32_BIT_CONVERSION = YES;
				GCC_WARN_ABOUT_MISSING_NEWLINE = YES;
				GCC_WARN_ABOUT_RETURN_TYPE = YES;
				GCC_WARN_UNDECLARED_SELECTOR = YES;
				GCC_WARN_UNINITIALIZED_AUTOS = YES_AGGRESSIVE;
				GCC_WARN_UNUSED_FUNCTION = YES;
				GCC_WARN_UNUSED_VARIABLE = YES;
				MACOSX_DEPLOYMENT_TARGET = 10.9;
				SWIFT_OPTIMIZATION_LEVEL = "-Owholemodule";
				SWIFT_VERSION = 3.0;
				TVOS_DEPLOYMENT_TARGET = 9.0;
				VALIDATE_PRODUCT = YES;
				VERSIONING_SYSTEM = "apple-generic";
			};
			name = Release;
		};
		549BF8D91E5DA9DD00308A6C /* Debug */ = {
			isa = XCBuildConfiguration;
			buildSettings = {
				CLANG_ENABLE_MODULES = YES;
				CLANG_ENABLE_OBJC_ARC = YES;
				COMBINE_HIDPI_IMAGES = YES;
				DEFINES_MODULE = YES;
				DYLIB_COMPATIBILITY_VERSION = 1;
				DYLIB_CURRENT_VERSION = 1;
				DYLIB_INSTALL_NAME_BASE = "@rpath";
				ENABLE_STRICT_OBJC_MSGSEND = YES;
				ENABLE_TESTABILITY = YES;
				FRAMEWORK_SEARCH_PATHS = (
					"$(PLATFORM_DIR)/Developer/Library/Frameworks",
					"$(DEVELOPER_FRAMEWORKS_DIR)",
				);
				FRAMEWORK_VERSION = A;
				GCC_PREPROCESSOR_DEFINITIONS = (
					"DEBUG=1",
					"PRODUCT_NAME=$(PRODUCT_NAME)/$(PRODUCT_NAME)",
					"$(inherited)",
				);
				GCC_TREAT_WARNINGS_AS_ERRORS = YES;
				INFOPLIST_FILE = Source/Info.plist;
				INSTALL_PATH = "$(LOCAL_LIBRARY_DIR)/Frameworks";
				LD_RUNPATH_SEARCH_PATHS = "$(inherited) @executable_path/../Frameworks @loader_path/Frameworks";
				MTL_ENABLE_DEBUG_INFO = YES;
				ONLY_ACTIVE_ARCH = YES;
				PRODUCT_BUNDLE_IDENTIFIER = com.152percent.Spry;
				PRODUCT_MODULE_NAME = Spry;
				PRODUCT_NAME = Spry;
				SDKROOT = macosx;
				SKIP_INSTALL = YES;
				SWIFT_ACTIVE_COMPILATION_CONDITIONS = DEBUG;
				SWIFT_OPTIMIZATION_LEVEL = "-Onone";
				SWIFT_VERSION = 3.0;
				VALID_ARCHS = x86_64;
				VERSION_INFO_PREFIX = "";
			};
			name = Debug;
		};
		549BF8DA1E5DA9DD00308A6C /* Release */ = {
			isa = XCBuildConfiguration;
			buildSettings = {
				CLANG_ENABLE_MODULES = YES;
				CLANG_ENABLE_OBJC_ARC = YES;
				COMBINE_HIDPI_IMAGES = YES;
				DEBUG_INFORMATION_FORMAT = "dwarf-with-dsym";
				DEFINES_MODULE = YES;
				DYLIB_COMPATIBILITY_VERSION = 1;
				DYLIB_CURRENT_VERSION = 1;
				DYLIB_INSTALL_NAME_BASE = "@rpath";
				ENABLE_NS_ASSERTIONS = NO;
				ENABLE_STRICT_OBJC_MSGSEND = YES;
				FRAMEWORK_SEARCH_PATHS = (
					"$(PLATFORM_DIR)/Developer/Library/Frameworks",
					"$(DEVELOPER_FRAMEWORKS_DIR)",
				);
				FRAMEWORK_VERSION = A;
				GCC_PREPROCESSOR_DEFINITIONS = "PRODUCT_NAME=$(PRODUCT_NAME)/$(PRODUCT_NAME)";
				GCC_TREAT_WARNINGS_AS_ERRORS = YES;
				INFOPLIST_FILE = Source/Info.plist;
				INSTALL_PATH = "$(LOCAL_LIBRARY_DIR)/Frameworks";
				LD_RUNPATH_SEARCH_PATHS = "$(inherited) @executable_path/../Frameworks @loader_path/Frameworks";
				MTL_ENABLE_DEBUG_INFO = NO;
				PRODUCT_BUNDLE_IDENTIFIER = com.152percent.Spry;
				PRODUCT_MODULE_NAME = Spry;
				PRODUCT_NAME = Spry;
				SDKROOT = macosx;
				SKIP_INSTALL = YES;
				SWIFT_OPTIMIZATION_LEVEL = "-Owholemodule";
				SWIFT_VERSION = 3.0;
				VALID_ARCHS = x86_64;
				VERSION_INFO_PREFIX = "";
			};
			name = Release;
		};
		549BF8DB1E5DA9DD00308A6C /* Debug */ = {
			isa = XCBuildConfiguration;
			buildSettings = {
				ALWAYS_EMBED_SWIFT_STANDARD_LIBRARIES = YES;
				CLANG_ENABLE_MODULES = YES;
				CLANG_ENABLE_OBJC_ARC = YES;
				COMBINE_HIDPI_IMAGES = YES;
				COPY_PHASE_STRIP = NO;
				DEBUG_INFORMATION_FORMAT = dwarf;
				ENABLE_STRICT_OBJC_MSGSEND = YES;
				ENABLE_TESTABILITY = YES;
				FRAMEWORK_SEARCH_PATHS = (
					"$(DEVELOPER_FRAMEWORKS_DIR)",
					"$(inherited)",
				);
				GCC_PREPROCESSOR_DEFINITIONS = (
					"DEBUG=1",
					"$(inherited)",
				);
				GCC_WARN_ABOUT_RETURN_TYPE = YES_ERROR;
				INFOPLIST_FILE = Tests/Info.plist;
				LD_RUNPATH_SEARCH_PATHS = "$(inherited) @executable_path/../Frameworks @loader_path/../Frameworks";
				MACOSX_DEPLOYMENT_TARGET = 10.12;
				MTL_ENABLE_DEBUG_INFO = YES;
				ONLY_ACTIVE_ARCH = YES;
				PRODUCT_BUNDLE_IDENTIFIER = "com.152percent.${PRODUCT_NAME:rfc1034identifier}";
				PRODUCT_NAME = SpryTests;
				SDKROOT = macosx;
				SWIFT_ACTIVE_COMPILATION_CONDITIONS = DEBUG;
				SWIFT_OBJC_BRIDGING_HEADER = "Tests/Spry-macOSTests-Bridging-Header.h";
				SWIFT_OPTIMIZATION_LEVEL = "-Onone";
				SWIFT_VERSION = 3.0;
			};
			name = Debug;
		};
		549BF8DC1E5DA9DD00308A6C /* Release */ = {
			isa = XCBuildConfiguration;
			buildSettings = {
				ALWAYS_EMBED_SWIFT_STANDARD_LIBRARIES = YES;
				CLANG_ENABLE_MODULES = YES;
				CLANG_ENABLE_OBJC_ARC = YES;
				COMBINE_HIDPI_IMAGES = YES;
				COPY_PHASE_STRIP = NO;
				DEBUG_INFORMATION_FORMAT = "dwarf-with-dsym";
				ENABLE_NS_ASSERTIONS = NO;
				ENABLE_STRICT_OBJC_MSGSEND = YES;
				FRAMEWORK_SEARCH_PATHS = (
					"$(DEVELOPER_FRAMEWORKS_DIR)",
					"$(inherited)",
				);
				GCC_WARN_ABOUT_RETURN_TYPE = YES_ERROR;
				INFOPLIST_FILE = Tests/Info.plist;
				LD_RUNPATH_SEARCH_PATHS = "$(inherited) @executable_path/../Frameworks @loader_path/../Frameworks";
				MACOSX_DEPLOYMENT_TARGET = 10.12;
				MTL_ENABLE_DEBUG_INFO = NO;
				PRODUCT_BUNDLE_IDENTIFIER = "com.152percent.${PRODUCT_NAME:rfc1034identifier}";
				PRODUCT_NAME = SpryTests;
				SDKROOT = macosx;
				SWIFT_OBJC_BRIDGING_HEADER = "Tests/Spry-macOSTests-Bridging-Header.h";
				SWIFT_OPTIMIZATION_LEVEL = "-Owholemodule";
				SWIFT_VERSION = 3.0;
			};
			name = Release;
		};
		549BF9101E5DB9E100308A6C /* Debug */ = {
			isa = XCBuildConfiguration;
			buildSettings = {
				CLANG_ANALYZER_NONNULL = YES;
				CLANG_ENABLE_MODULES = YES;
				CLANG_ENABLE_OBJC_ARC = YES;
				CLANG_WARN_DOCUMENTATION_COMMENTS = YES;
				DEFINES_MODULE = YES;
				DYLIB_COMPATIBILITY_VERSION = 1;
				DYLIB_CURRENT_VERSION = 1;
				DYLIB_INSTALL_NAME_BASE = "@rpath";
				ENABLE_STRICT_OBJC_MSGSEND = YES;
				GCC_DYNAMIC_NO_PIC = NO;
				GCC_PREPROCESSOR_DEFINITIONS = (
					"DEBUG=1",
					"$(inherited)",
				);
				GCC_WARN_ABOUT_RETURN_TYPE = YES_ERROR;
				INFOPLIST_FILE = Source/Info.plist;
				INSTALL_PATH = "$(LOCAL_LIBRARY_DIR)/Frameworks";
				IPHONEOS_DEPLOYMENT_TARGET = 10.2;
				LD_RUNPATH_SEARCH_PATHS = "$(inherited) @executable_path/Frameworks @loader_path/Frameworks";
				MTL_ENABLE_DEBUG_INFO = YES;
				PRODUCT_BUNDLE_IDENTIFIER = "com.152percent.Spry-iOS";
				PRODUCT_NAME = Spry;
				SDKROOT = iphoneos;
				SKIP_INSTALL = YES;
				SWIFT_ACTIVE_COMPILATION_CONDITIONS = DEBUG;
				SWIFT_OPTIMIZATION_LEVEL = "-Onone";
				SWIFT_VERSION = 3.0;
				TARGETED_DEVICE_FAMILY = "1,2";
				VERSION_INFO_PREFIX = "";
			};
			name = Debug;
		};
		549BF9111E5DB9E100308A6C /* Release */ = {
			isa = XCBuildConfiguration;
			buildSettings = {
				CLANG_ANALYZER_NONNULL = YES;
				CLANG_ENABLE_MODULES = YES;
				CLANG_ENABLE_OBJC_ARC = YES;
				CLANG_WARN_DOCUMENTATION_COMMENTS = YES;
				COPY_PHASE_STRIP = NO;
				DEFINES_MODULE = YES;
				DYLIB_COMPATIBILITY_VERSION = 1;
				DYLIB_CURRENT_VERSION = 1;
				DYLIB_INSTALL_NAME_BASE = "@rpath";
				ENABLE_NS_ASSERTIONS = NO;
				ENABLE_STRICT_OBJC_MSGSEND = YES;
				GCC_WARN_ABOUT_RETURN_TYPE = YES_ERROR;
				INFOPLIST_FILE = Source/Info.plist;
				INSTALL_PATH = "$(LOCAL_LIBRARY_DIR)/Frameworks";
				IPHONEOS_DEPLOYMENT_TARGET = 10.2;
				LD_RUNPATH_SEARCH_PATHS = "$(inherited) @executable_path/Frameworks @loader_path/Frameworks";
				MTL_ENABLE_DEBUG_INFO = NO;
				PRODUCT_BUNDLE_IDENTIFIER = "com.152percent.Spry-iOS";
				PRODUCT_NAME = Spry;
				SDKROOT = iphoneos;
				SKIP_INSTALL = YES;
				SWIFT_VERSION = 3.0;
				TARGETED_DEVICE_FAMILY = "1,2";
				VERSION_INFO_PREFIX = "";
			};
			name = Release;
		};
		549BF9131E5DB9E100308A6C /* Debug */ = {
			isa = XCBuildConfiguration;
			buildSettings = {
				ALWAYS_EMBED_SWIFT_STANDARD_LIBRARIES = YES;
				CLANG_ANALYZER_NONNULL = YES;
				CLANG_ENABLE_MODULES = YES;
				CLANG_ENABLE_OBJC_ARC = YES;
				CLANG_WARN_DOCUMENTATION_COMMENTS = YES;
				ENABLE_STRICT_OBJC_MSGSEND = YES;
				GCC_DYNAMIC_NO_PIC = NO;
				GCC_PREPROCESSOR_DEFINITIONS = (
					"DEBUG=1",
					"$(inherited)",
				);
				GCC_WARN_ABOUT_RETURN_TYPE = YES_ERROR;
				INFOPLIST_FILE = Tests/Info.plist;
				IPHONEOS_DEPLOYMENT_TARGET = 10.2;
				LD_RUNPATH_SEARCH_PATHS = "$(inherited) @executable_path/Frameworks @loader_path/Frameworks";
				MTL_ENABLE_DEBUG_INFO = YES;
				ONLY_ACTIVE_ARCH = YES;
				PRODUCT_BUNDLE_IDENTIFIER = "com.152percent.${PRODUCT_NAME:rfc1034identifier}";
				PRODUCT_NAME = SpryTests;
				SDKROOT = iphoneos;
				SWIFT_ACTIVE_COMPILATION_CONDITIONS = DEBUG;
				SWIFT_OPTIMIZATION_LEVEL = "-Onone";
				SWIFT_VERSION = 3.0;
			};
			name = Debug;
		};
		549BF9141E5DB9E100308A6C /* Release */ = {
			isa = XCBuildConfiguration;
			buildSettings = {
				ALWAYS_EMBED_SWIFT_STANDARD_LIBRARIES = YES;
				CLANG_ANALYZER_NONNULL = YES;
				CLANG_ENABLE_MODULES = YES;
				CLANG_ENABLE_OBJC_ARC = YES;
				CLANG_WARN_DOCUMENTATION_COMMENTS = YES;
				COPY_PHASE_STRIP = NO;
				ENABLE_NS_ASSERTIONS = NO;
				ENABLE_STRICT_OBJC_MSGSEND = YES;
				GCC_WARN_ABOUT_RETURN_TYPE = YES_ERROR;
				INFOPLIST_FILE = Tests/Info.plist;
				IPHONEOS_DEPLOYMENT_TARGET = 10.2;
				LD_RUNPATH_SEARCH_PATHS = "$(inherited) @executable_path/Frameworks @loader_path/Frameworks";
				MTL_ENABLE_DEBUG_INFO = NO;
				PRODUCT_BUNDLE_IDENTIFIER = "com.152percent.${PRODUCT_NAME:rfc1034identifier}";
				PRODUCT_NAME = SpryTests;
				SDKROOT = iphoneos;
				SWIFT_VERSION = 3.0;
			};
			name = Release;
		};
/* End XCBuildConfiguration section */

/* Begin XCConfigurationList section */
		549BF8311E5DA17800308A6C /* Build configuration list for PBXProject "Spry" */ = {
			isa = XCConfigurationList;
			buildConfigurations = (
				549BF8321E5DA17800308A6C /* Debug */,
				549BF8331E5DA17800308A6C /* Release */,
			);
			defaultConfigurationIsVisible = 0;
			defaultConfigurationName = Release;
		};
		549BF8DD1E5DA9DD00308A6C /* Build configuration list for PBXNativeTarget "Spry-macOS" */ = {
			isa = XCConfigurationList;
			buildConfigurations = (
				549BF8D91E5DA9DD00308A6C /* Debug */,
				549BF8DA1E5DA9DD00308A6C /* Release */,
			);
			defaultConfigurationIsVisible = 0;
			defaultConfigurationName = Release;
		};
		549BF8DE1E5DA9DD00308A6C /* Build configuration list for PBXNativeTarget "Spry-macOSTests" */ = {
			isa = XCConfigurationList;
			buildConfigurations = (
				549BF8DB1E5DA9DD00308A6C /* Debug */,
				549BF8DC1E5DA9DD00308A6C /* Release */,
			);
			defaultConfigurationIsVisible = 0;
			defaultConfigurationName = Release;
		};
		549BF90F1E5DB9E100308A6C /* Build configuration list for PBXNativeTarget "Spry-iOS" */ = {
			isa = XCConfigurationList;
			buildConfigurations = (
				549BF9101E5DB9E100308A6C /* Debug */,
				549BF9111E5DB9E100308A6C /* Release */,
			);
			defaultConfigurationIsVisible = 0;
			defaultConfigurationName = Release;
		};
		549BF9121E5DB9E100308A6C /* Build configuration list for PBXNativeTarget "Spry-iOSTests" */ = {
			isa = XCConfigurationList;
			buildConfigurations = (
				549BF9131E5DB9E100308A6C /* Debug */,
				549BF9141E5DB9E100308A6C /* Release */,
			);
			defaultConfigurationIsVisible = 0;
			defaultConfigurationName = Release;
		};
/* End XCConfigurationList section */
	};
	rootObject = 549BF82E1E5DA17800308A6C /* Project object */;
}
